
Microsoft Visual Studio Solution File, Format Version 12.00
# Visual Studio Version 17
VisualStudioVersion = 17.10.35027.167
MinimumVisualStudioVersion = 10.0.40219.1
Project("{2150E333-8FDC-42A3-9474-1A3956D46DE8}") = "src", "src", "{467F0972-9A24-4C5E-A702-E93D3A3406A9}"
EndProject
Project("{2150E333-8FDC-42A3-9474-1A3956D46DE8}") = "API", "API", "{EDC05AA9-D60D-42E5-B708-BFF33002A01E}"
EndProject
Project("{2150E333-8FDC-42A3-9474-1A3956D46DE8}") = "Modules", "Modules", "{FD384274-652D-4ED0-BB85-B86B5F2F6D6E}"
EndProject
Project("{9A19103F-16F7-4668-BE54-9A1E7A4F7556}") = "Eventify.Api", "src\API\Eventify.Api\Eventify.Api.csproj", "{1572D4BA-B59C-4157-9194-716CEE3A1A31}"
EndProject
Project("{2150E333-8FDC-42A3-9474-1A3956D46DE8}") = "Events", "Events", "{480E11B0-7141-4AAF-881B-1A88CEB8579E}"
EndProject
Project("{9A19103F-16F7-4668-BE54-9A1E7A4F7556}") = "Eventify.Modules.Events.Domain", "src\Modules\Events\Eventify.Modules.Events.Domain\Eventify.Modules.Events.Domain.csproj", "{92B0B4A3-396C-4ED0-92B6-9274D6AA1956}"
EndProject
Project("{9A19103F-16F7-4668-BE54-9A1E7A4F7556}") = "Eventify.Modules.Events.Application", "src\Modules\Events\Eventify.Modules.Events.Application\Eventify.Modules.Events.Application.csproj", "{7D5E9ED1-66CF-4899-8F69-C1FBF4A20693}"
EndProject
Project("{9A19103F-16F7-4668-BE54-9A1E7A4F7556}") = "Eventify.Modules.Events.Presentation", "src\Modules\Events\Eventify.Modules.Events.Presentation\Eventify.Modules.Events.Presentation.csproj", "{E5FDFE3F-042D-49C8-85CA-AAC871E9FD49}"
EndProject
Project("{9A19103F-16F7-4668-BE54-9A1E7A4F7556}") = "Eventify.Modules.Events.Infrastructure", "src\Modules\Events\Eventify.Modules.Events.Infrastructure\Eventify.Modules.Events.Infrastructure.csproj", "{8174E58A-3442-4963-BA66-EEBA62428CF0}"
EndProject
Project("{E53339B2-1760-4266-BCC7-CA923CBCF16C}") = "docker-compose", "docker-compose.dcproj", "{F04931B9-89BD-45B2-A423-D873BC31460C}"
EndProject
Project("{2150E333-8FDC-42A3-9474-1A3956D46DE8}") = "Common", "Common", "{1791821B-8743-4D84-81FF-BF6DBF21CB07}"
EndProject
Project("{9A19103F-16F7-4668-BE54-9A1E7A4F7556}") = "Eventify.Common.Application", "src\Common\Eventify.Common.Application\Eventify.Common.Application.csproj", "{9C30A699-723A-4C70-96BD-919FC4D32D4D}"
EndProject
Project("{9A19103F-16F7-4668-BE54-9A1E7A4F7556}") = "Eventify.Common.Domain", "src\Common\Eventify.Common.Domain\Eventify.Common.Domain.csproj", "{706D4490-BAF2-473F-8074-00BF2166BB79}"
EndProject
Project("{9A19103F-16F7-4668-BE54-9A1E7A4F7556}") = "Eventify.Common.Infrastructure", "src\Common\Eventify.Common.Infrastructure\Eventify.Common.Infrastructure.csproj", "{A3661117-96EC-4D61-B60B-B93472FF2777}"
EndProject
Project("{9A19103F-16F7-4668-BE54-9A1E7A4F7556}") = "Eventify.Common.Presentation", "src\Common\Eventify.Common.Presentation\Eventify.Common.Presentation.csproj", "{8276206B-D1F2-4CDB-A81D-4A1FAADD780C}"
EndProject
Project("{2150E333-8FDC-42A3-9474-1A3956D46DE8}") = "Users", "Users", "{BAD4D1FC-D63D-48B4-A4AC-9D553E25EFE8}"
EndProject
Project("{9A19103F-16F7-4668-BE54-9A1E7A4F7556}") = "Eventify.Modules.Users.Application", "src\Modules\Users\Eventify.Modules.Users.Application\Eventify.Modules.Users.Application.csproj", "{4C8F5DAB-8BF3-4E74-A25D-BB98721964E0}"
EndProject
Project("{9A19103F-16F7-4668-BE54-9A1E7A4F7556}") = "Eventify.Modules.Users.Domain", "src\Modules\Users\Eventify.Modules.Users.Domain\Eventify.Modules.Users.Domain.csproj", "{8256692B-3378-48FA-863F-73A08848D89D}"
EndProject
Project("{9A19103F-16F7-4668-BE54-9A1E7A4F7556}") = "Eventify.Modules.Users.Infrastructure", "src\Modules\Users\Eventify.Modules.Users.Infrastructure\Eventify.Modules.Users.Infrastructure.csproj", "{C88F1635-C5A6-4484-9CAB-F9EFC6487393}"
EndProject
Project("{9A19103F-16F7-4668-BE54-9A1E7A4F7556}") = "Eventify.Modules.Users.Presentation", "src\Modules\Users\Eventify.Modules.Users.Presentation\Eventify.Modules.Users.Presentation.csproj", "{837BB325-287A-429F-8D9E-C153CED7835B}"
EndProject
Project("{9A19103F-16F7-4668-BE54-9A1E7A4F7556}") = "Eventify.Modules.Ticketing.Domain", "src\Modules\Ticketing\Eventify.Modules.Ticketing.Domain\Eventify.Modules.Ticketing.Domain.csproj", "{9068E589-2AD1-4084-86DC-AE3860C99869}"
EndProject
Project("{2150E333-8FDC-42A3-9474-1A3956D46DE8}") = "Ticketing", "Ticketing", "{65B7D771-F26B-4912-81A2-78ADA486EB24}"
EndProject
Project("{9A19103F-16F7-4668-BE54-9A1E7A4F7556}") = "Eventify.Modules.Ticketing.Application", "src\Modules\Ticketing\Eventify.Modules.Ticketing.Application\Eventify.Modules.Ticketing.Application.csproj", "{7319B96B-7FAA-4C4C-BD96-40787EF677B5}"
EndProject
Project("{9A19103F-16F7-4668-BE54-9A1E7A4F7556}") = "Eventify.Modules.Ticketing.Infrastructure", "src\Modules\Ticketing\Eventify.Modules.Ticketing.Infrastructure\Eventify.Modules.Ticketing.Infrastructure.csproj", "{B72E030A-E89F-475A-983F-BC40932D2CDD}"
EndProject
Project("{9A19103F-16F7-4668-BE54-9A1E7A4F7556}") = "Eventify.Modules.Ticketing.Presentation", "src\Modules\Ticketing\Eventify.Modules.Ticketing.Presentation\Eventify.Modules.Ticketing.Presentation.csproj", "{16381B2C-DD9A-41E4-8AE3-2166C78F36D4}"
EndProject
Project("{9A19103F-16F7-4668-BE54-9A1E7A4F7556}") = "Eventify.Modules.Ticketing.PublicApi", "src\Modules\Ticketing\Eventify.Modules.Ticketing.PublicApi\Eventify.Modules.Ticketing.PublicApi.csproj", "{B64C0D50-28C7-4CDC-86B0-8DDB028803A0}"
EndProject
Project("{9A19103F-16F7-4668-BE54-9A1E7A4F7556}") = "Eventify.Modules.Users.IntegrationEvents", "src\Modules\Users\Eventify.Modules.Users.IntegrationEvents\Eventify.Modules.Users.IntegrationEvents.csproj", "{7CD36145-1696-45F4-9333-6708984FFF00}"
EndProject
Project("{2150E333-8FDC-42A3-9474-1A3956D46DE8}") = "test", "test", "{0E8B2B84-F187-4DA0-80CC-D20E43DFA6B6}"
EndProject
Project("{9A19103F-16F7-4668-BE54-9A1E7A4F7556}") = "Eventify.ArchitectureTests", "test\Eventify.ArchitectureTests\Eventify.ArchitectureTests.csproj", "{277A12D6-A713-4238-9347-A1C183305BC8}"
EndProject
Project("{2150E333-8FDC-42A3-9474-1A3956D46DE8}") = "Attendance", "Attendance", "{735FCCD0-9AF6-45BC-8DA5-CF2333793905}"
EndProject
Project("{9A19103F-16F7-4668-BE54-9A1E7A4F7556}") = "Eventify.Modules.Attendance.Domain", "src\Modules\Attendance\Eventify.Modules.Attendance.Domain\Eventify.Modules.Attendance.Domain.csproj", "{CFDB4F99-16FF-4632-A537-DEB4DFEA6B98}"
EndProject
Project("{9A19103F-16F7-4668-BE54-9A1E7A4F7556}") = "Eventify.Modules.Attendance.Application", "src\Modules\Attendance\Eventify.Modules.Attendance.Application\Eventify.Modules.Attendance.Application.csproj", "{DE90DB71-362A-4113-B39C-E73F9A25BD9D}"
EndProject
Project("{9A19103F-16F7-4668-BE54-9A1E7A4F7556}") = "Eventify.Modules.Attendance.Infrastructure", "src\Modules\Attendance\Eventify.Modules.Attendance.Infrastructure\Eventify.Modules.Attendance.Infrastructure.csproj", "{3EA76506-F4B1-48E4-9D03-DB9340796330}"
EndProject
Project("{9A19103F-16F7-4668-BE54-9A1E7A4F7556}") = "Eventify.Modules.Attendance.Presentation", "src\Modules\Attendance\Eventify.Modules.Attendance.Presentation\Eventify.Modules.Attendance.Presentation.csproj", "{4EC22CA0-B670-4EAE-B4C2-8A571E1BAD33}"
EndProject
Project("{9A19103F-16F7-4668-BE54-9A1E7A4F7556}") = "Eventify.Modules.Attendance.IntegrationEvents", "src\Modules\Attendance\Eventify.Modules.Attendance.IntegrationEvents\Eventify.Modules.Attendance.IntegrationEvents.csproj", "{5EFB1B43-7FD8-40CF-804F-3EEF114D8FC4}"
EndProject
Project("{9A19103F-16F7-4668-BE54-9A1E7A4F7556}") = "Eventify.Modules.Events.IntegrationEvents", "src\Modules\Events\Eventify.Modules.Events.IntegrationEvents\Eventify.Modules.Events.IntegrationEvents.csproj", "{092F8DD1-9E55-431D-807E-033ADE3483AF}"
EndProject
Project("{9A19103F-16F7-4668-BE54-9A1E7A4F7556}") = "Eventify.Modules.Ticketing.IntegrationEvents", "src\Modules\Ticketing\Eventify.Modules.Ticketing.IntegrationEvents\Eventify.Modules.Ticketing.IntegrationEvents.csproj", "{7CF53C59-1602-4F81-B671-31D6096AA089}"
EndProject
Project("{2150E333-8FDC-42A3-9474-1A3956D46DE8}") = "test", "test", "{35CAC07C-ACFF-47DE-8DF0-2131C147F6CC}"
EndProject
Project("{9A19103F-16F7-4668-BE54-9A1E7A4F7556}") = "Eventify.Modules.Users.ArchitectureTests", "src\Modules\Users\test\Eventify.Modules.Users.ArchitectureTests\Eventify.Modules.Users.ArchitectureTests.csproj", "{3FFE902E-4298-4C12-B4A7-165442DED568}"
EndProject
Project("{9A19103F-16F7-4668-BE54-9A1E7A4F7556}") = "Eventify.Modules.Attendance.ArchitectureTests", "src\Modules\Attendance\test\Eventify.Modules.Attendance.ArchitectureTests\Eventify.Modules.Attendance.ArchitectureTests.csproj", "{9C318941-61AE-433D-88E8-244B0A8E7491}"
EndProject
Project("{2150E333-8FDC-42A3-9474-1A3956D46DE8}") = "test", "test", "{8DDCAD99-40A8-4BB7-B7B0-B15209333909}"
EndProject
Project("{2150E333-8FDC-42A3-9474-1A3956D46DE8}") = "test", "test", "{05C207F0-8FCA-4357-BA2A-5A6B33F6540A}"
EndProject
Project("{9A19103F-16F7-4668-BE54-9A1E7A4F7556}") = "Evently.Modules.Events.ArchitectureTests", "src\Modules\Events\test\Evently.Modules.Events.ArchitectureTests\Evently.Modules.Events.ArchitectureTests.csproj", "{D4B5070E-1EE1-4FAA-8C93-1795E73358BB}"
EndProject
Project("{2150E333-8FDC-42A3-9474-1A3956D46DE8}") = "test", "test", "{C7B91D49-90F4-45A6-B147-32890ED46C27}"
EndProject
Project("{9A19103F-16F7-4668-BE54-9A1E7A4F7556}") = "Eventify.Modules.Ticketing.ArchitectureTests", "src\Modules\Ticketing\test\Eventify.Modules.Ticketing.ArchitectureTests\Eventify.Modules.Ticketing.ArchitectureTests.csproj", "{8F2036F4-B84A-4AE6-882B-C6717F845B5E}"
EndProject
Project("{9A19103F-16F7-4668-BE54-9A1E7A4F7556}") = "Evently.Modules.Events.UnitTests", "src\Modules\Events\test\Evently.Modules.Events.UnitTests\Evently.Modules.Events.UnitTests.csproj", "{5DF8831C-3733-4F70-9855-9276164407FD}"
EndProject
Project("{9A19103F-16F7-4668-BE54-9A1E7A4F7556}") = "Eventify.Modules.Users.IntegrationTests", "src\Modules\Users\test\Eventify.Modules.Users.IntegrationTests\Eventify.Modules.Users.IntegrationTests.csproj", "{2AEF6DB1-FDC0-44B3-A85C-5EC068CF7162}"
EndProject
Project("{9A19103F-16F7-4668-BE54-9A1E7A4F7556}") = "Eventify.IntegrationTests", "test\Eventify.IntegrationTests\Eventify.IntegrationTests.csproj", "{25C1A6AB-E455-4B23-BC6D-D9600593F0B3}"
EndProject
Project("{9A19103F-16F7-4668-BE54-9A1E7A4F7556}") = "Eventify.Modules.Attendance.UnitTests", "src\Modules\Attendance\test\Eventify.Modules.Attendance.UnitTests\Eventify.Modules.Attendance.UnitTests.csproj", "{9647A5EA-2408-427B-8CCA-5B534DD00900}"
EndProject
Project("{9A19103F-16F7-4668-BE54-9A1E7A4F7556}") = "Eventify.Modules.Ticketing.UnitTests", "src\Modules\Ticketing\test\Eventify.Modules.Ticketing.UnitTests\Eventify.Modules.Ticketing.UnitTests.csproj", "{E280D2DF-24AD-456E-8433-E46EA2597DB3}"
EndProject
Project("{9A19103F-16F7-4668-BE54-9A1E7A4F7556}") = "Eventify.Modules.Users.UnitTests", "src\Modules\Users\test\Eventify.Modules.Users.UnitTests\Eventify.Modules.Users.UnitTests.csproj", "{5D5076F7-6957-4658-AD80-85A7AF91F12E}"
EndProject
Project("{9A19103F-16F7-4668-BE54-9A1E7A4F7556}") = "Eventify.Modules.Attendance.IntegrationTests", "src\Modules\Attendance\test\Eventify.Modules.Attendance.IntegrationTests\Eventify.Modules.Attendance.IntegrationTests.csproj", "{40508FE8-554D-4564-BD05-2D2EC3750AB3}"
EndProject
Project("{9A19103F-16F7-4668-BE54-9A1E7A4F7556}") = "Eventify.Modules.Events.IntegrationTests", "src\Modules\Events\test\Eventify.Modules.Events.IntegrationTests\Eventify.Modules.Events.IntegrationTests.csproj", "{C7B3E42B-46C2-4107-9C33-F66CE4B7032A}"
EndProject
Project("{9A19103F-16F7-4668-BE54-9A1E7A4F7556}") = "Eventify.Modules.Ticketing.IntegrationTests", "src\Modules\Ticketing\test\Eventify.Modules.Ticketing.IntegrationTests\Eventify.Modules.Ticketing.IntegrationTests.csproj", "{F9A5EDCC-5150-46E2-BD46-514A10636BF8}"
EndProject
Project("{FAE04EC0-301F-11D3-BF4B-00C04F79EFBC}") = "Eventify.Gateway", "src\API\Eventify.Gateway\Eventify.Gateway.csproj", "{EC7A5CF1-25A0-49F8-A201-6814AF39FDF5}"
EndProject
Global
	GlobalSection(SolutionConfigurationPlatforms) = preSolution
		Debug|Any CPU = Debug|Any CPU
		Debug|x64 = Debug|x64
		Release|Any CPU = Release|Any CPU
		Release|x64 = Release|x64
	EndGlobalSection
	GlobalSection(ProjectConfigurationPlatforms) = postSolution
		{1572D4BA-B59C-4157-9194-716CEE3A1A31}.Debug|Any CPU.ActiveCfg = Debug|Any CPU
		{1572D4BA-B59C-4157-9194-716CEE3A1A31}.Debug|Any CPU.Build.0 = Debug|Any CPU
		{1572D4BA-B59C-4157-9194-716CEE3A1A31}.Debug|x64.ActiveCfg = Debug|x64
		{1572D4BA-B59C-4157-9194-716CEE3A1A31}.Debug|x64.Build.0 = Debug|x64
		{1572D4BA-B59C-4157-9194-716CEE3A1A31}.Release|Any CPU.ActiveCfg = Release|Any CPU
		{1572D4BA-B59C-4157-9194-716CEE3A1A31}.Release|Any CPU.Build.0 = Release|Any CPU
		{1572D4BA-B59C-4157-9194-716CEE3A1A31}.Release|x64.ActiveCfg = Release|x64
		{1572D4BA-B59C-4157-9194-716CEE3A1A31}.Release|x64.Build.0 = Release|x64
		{92B0B4A3-396C-4ED0-92B6-9274D6AA1956}.Debug|Any CPU.ActiveCfg = Debug|Any CPU
		{92B0B4A3-396C-4ED0-92B6-9274D6AA1956}.Debug|Any CPU.Build.0 = Debug|Any CPU
		{92B0B4A3-396C-4ED0-92B6-9274D6AA1956}.Debug|x64.ActiveCfg = Debug|Any CPU
		{92B0B4A3-396C-4ED0-92B6-9274D6AA1956}.Debug|x64.Build.0 = Debug|Any CPU
		{92B0B4A3-396C-4ED0-92B6-9274D6AA1956}.Release|Any CPU.ActiveCfg = Release|Any CPU
		{92B0B4A3-396C-4ED0-92B6-9274D6AA1956}.Release|Any CPU.Build.0 = Release|Any CPU
		{92B0B4A3-396C-4ED0-92B6-9274D6AA1956}.Release|x64.ActiveCfg = Release|Any CPU
		{92B0B4A3-396C-4ED0-92B6-9274D6AA1956}.Release|x64.Build.0 = Release|Any CPU
		{7D5E9ED1-66CF-4899-8F69-C1FBF4A20693}.Debug|Any CPU.ActiveCfg = Debug|Any CPU
		{7D5E9ED1-66CF-4899-8F69-C1FBF4A20693}.Debug|Any CPU.Build.0 = Debug|Any CPU
		{7D5E9ED1-66CF-4899-8F69-C1FBF4A20693}.Debug|x64.ActiveCfg = Debug|Any CPU
		{7D5E9ED1-66CF-4899-8F69-C1FBF4A20693}.Debug|x64.Build.0 = Debug|Any CPU
		{7D5E9ED1-66CF-4899-8F69-C1FBF4A20693}.Release|Any CPU.ActiveCfg = Release|Any CPU
		{7D5E9ED1-66CF-4899-8F69-C1FBF4A20693}.Release|Any CPU.Build.0 = Release|Any CPU
		{7D5E9ED1-66CF-4899-8F69-C1FBF4A20693}.Release|x64.ActiveCfg = Release|Any CPU
		{7D5E9ED1-66CF-4899-8F69-C1FBF4A20693}.Release|x64.Build.0 = Release|Any CPU
		{E5FDFE3F-042D-49C8-85CA-AAC871E9FD49}.Debug|Any CPU.ActiveCfg = Debug|Any CPU
		{E5FDFE3F-042D-49C8-85CA-AAC871E9FD49}.Debug|Any CPU.Build.0 = Debug|Any CPU
		{E5FDFE3F-042D-49C8-85CA-AAC871E9FD49}.Debug|x64.ActiveCfg = Debug|Any CPU
		{E5FDFE3F-042D-49C8-85CA-AAC871E9FD49}.Debug|x64.Build.0 = Debug|Any CPU
		{E5FDFE3F-042D-49C8-85CA-AAC871E9FD49}.Release|Any CPU.ActiveCfg = Release|Any CPU
		{E5FDFE3F-042D-49C8-85CA-AAC871E9FD49}.Release|Any CPU.Build.0 = Release|Any CPU
		{E5FDFE3F-042D-49C8-85CA-AAC871E9FD49}.Release|x64.ActiveCfg = Release|Any CPU
		{E5FDFE3F-042D-49C8-85CA-AAC871E9FD49}.Release|x64.Build.0 = Release|Any CPU
		{8174E58A-3442-4963-BA66-EEBA62428CF0}.Debug|Any CPU.ActiveCfg = Debug|Any CPU
		{8174E58A-3442-4963-BA66-EEBA62428CF0}.Debug|Any CPU.Build.0 = Debug|Any CPU
		{8174E58A-3442-4963-BA66-EEBA62428CF0}.Debug|x64.ActiveCfg = Debug|Any CPU
		{8174E58A-3442-4963-BA66-EEBA62428CF0}.Debug|x64.Build.0 = Debug|Any CPU
		{8174E58A-3442-4963-BA66-EEBA62428CF0}.Release|Any CPU.ActiveCfg = Release|Any CPU
		{8174E58A-3442-4963-BA66-EEBA62428CF0}.Release|Any CPU.Build.0 = Release|Any CPU
		{8174E58A-3442-4963-BA66-EEBA62428CF0}.Release|x64.ActiveCfg = Release|Any CPU
		{8174E58A-3442-4963-BA66-EEBA62428CF0}.Release|x64.Build.0 = Release|Any CPU
		{F04931B9-89BD-45B2-A423-D873BC31460C}.Debug|Any CPU.ActiveCfg = Debug|Any CPU
		{F04931B9-89BD-45B2-A423-D873BC31460C}.Debug|Any CPU.Build.0 = Debug|Any CPU
		{F04931B9-89BD-45B2-A423-D873BC31460C}.Debug|x64.ActiveCfg = Debug|Any CPU
		{F04931B9-89BD-45B2-A423-D873BC31460C}.Debug|x64.Build.0 = Debug|Any CPU
		{F04931B9-89BD-45B2-A423-D873BC31460C}.Release|Any CPU.ActiveCfg = Release|Any CPU
		{F04931B9-89BD-45B2-A423-D873BC31460C}.Release|Any CPU.Build.0 = Release|Any CPU
		{F04931B9-89BD-45B2-A423-D873BC31460C}.Release|x64.ActiveCfg = Release|Any CPU
		{F04931B9-89BD-45B2-A423-D873BC31460C}.Release|x64.Build.0 = Release|Any CPU
		{9C30A699-723A-4C70-96BD-919FC4D32D4D}.Debug|Any CPU.ActiveCfg = Debug|Any CPU
		{9C30A699-723A-4C70-96BD-919FC4D32D4D}.Debug|Any CPU.Build.0 = Debug|Any CPU
		{9C30A699-723A-4C70-96BD-919FC4D32D4D}.Debug|x64.ActiveCfg = Debug|Any CPU
		{9C30A699-723A-4C70-96BD-919FC4D32D4D}.Debug|x64.Build.0 = Debug|Any CPU
		{9C30A699-723A-4C70-96BD-919FC4D32D4D}.Release|Any CPU.ActiveCfg = Release|Any CPU
		{9C30A699-723A-4C70-96BD-919FC4D32D4D}.Release|Any CPU.Build.0 = Release|Any CPU
		{9C30A699-723A-4C70-96BD-919FC4D32D4D}.Release|x64.ActiveCfg = Release|Any CPU
		{9C30A699-723A-4C70-96BD-919FC4D32D4D}.Release|x64.Build.0 = Release|Any CPU
		{706D4490-BAF2-473F-8074-00BF2166BB79}.Debug|Any CPU.ActiveCfg = Debug|Any CPU
		{706D4490-BAF2-473F-8074-00BF2166BB79}.Debug|Any CPU.Build.0 = Debug|Any CPU
		{706D4490-BAF2-473F-8074-00BF2166BB79}.Debug|x64.ActiveCfg = Debug|Any CPU
		{706D4490-BAF2-473F-8074-00BF2166BB79}.Debug|x64.Build.0 = Debug|Any CPU
		{706D4490-BAF2-473F-8074-00BF2166BB79}.Release|Any CPU.ActiveCfg = Release|Any CPU
		{706D4490-BAF2-473F-8074-00BF2166BB79}.Release|Any CPU.Build.0 = Release|Any CPU
		{706D4490-BAF2-473F-8074-00BF2166BB79}.Release|x64.ActiveCfg = Release|Any CPU
		{706D4490-BAF2-473F-8074-00BF2166BB79}.Release|x64.Build.0 = Release|Any CPU
		{A3661117-96EC-4D61-B60B-B93472FF2777}.Debug|Any CPU.ActiveCfg = Debug|Any CPU
		{A3661117-96EC-4D61-B60B-B93472FF2777}.Debug|Any CPU.Build.0 = Debug|Any CPU
		{A3661117-96EC-4D61-B60B-B93472FF2777}.Debug|x64.ActiveCfg = Debug|Any CPU
		{A3661117-96EC-4D61-B60B-B93472FF2777}.Debug|x64.Build.0 = Debug|Any CPU
		{A3661117-96EC-4D61-B60B-B93472FF2777}.Release|Any CPU.ActiveCfg = Release|Any CPU
		{A3661117-96EC-4D61-B60B-B93472FF2777}.Release|Any CPU.Build.0 = Release|Any CPU
		{A3661117-96EC-4D61-B60B-B93472FF2777}.Release|x64.ActiveCfg = Release|Any CPU
		{A3661117-96EC-4D61-B60B-B93472FF2777}.Release|x64.Build.0 = Release|Any CPU
		{8276206B-D1F2-4CDB-A81D-4A1FAADD780C}.Debug|Any CPU.ActiveCfg = Debug|Any CPU
		{8276206B-D1F2-4CDB-A81D-4A1FAADD780C}.Debug|Any CPU.Build.0 = Debug|Any CPU
		{8276206B-D1F2-4CDB-A81D-4A1FAADD780C}.Debug|x64.ActiveCfg = Debug|Any CPU
		{8276206B-D1F2-4CDB-A81D-4A1FAADD780C}.Debug|x64.Build.0 = Debug|Any CPU
		{8276206B-D1F2-4CDB-A81D-4A1FAADD780C}.Release|Any CPU.ActiveCfg = Release|Any CPU
		{8276206B-D1F2-4CDB-A81D-4A1FAADD780C}.Release|Any CPU.Build.0 = Release|Any CPU
		{8276206B-D1F2-4CDB-A81D-4A1FAADD780C}.Release|x64.ActiveCfg = Release|Any CPU
		{8276206B-D1F2-4CDB-A81D-4A1FAADD780C}.Release|x64.Build.0 = Release|Any CPU
		{4C8F5DAB-8BF3-4E74-A25D-BB98721964E0}.Debug|Any CPU.ActiveCfg = Debug|Any CPU
		{4C8F5DAB-8BF3-4E74-A25D-BB98721964E0}.Debug|Any CPU.Build.0 = Debug|Any CPU
		{4C8F5DAB-8BF3-4E74-A25D-BB98721964E0}.Debug|x64.ActiveCfg = Debug|Any CPU
		{4C8F5DAB-8BF3-4E74-A25D-BB98721964E0}.Debug|x64.Build.0 = Debug|Any CPU
		{4C8F5DAB-8BF3-4E74-A25D-BB98721964E0}.Release|Any CPU.ActiveCfg = Release|Any CPU
		{4C8F5DAB-8BF3-4E74-A25D-BB98721964E0}.Release|Any CPU.Build.0 = Release|Any CPU
		{4C8F5DAB-8BF3-4E74-A25D-BB98721964E0}.Release|x64.ActiveCfg = Release|Any CPU
		{4C8F5DAB-8BF3-4E74-A25D-BB98721964E0}.Release|x64.Build.0 = Release|Any CPU
		{8256692B-3378-48FA-863F-73A08848D89D}.Debug|Any CPU.ActiveCfg = Debug|Any CPU
		{8256692B-3378-48FA-863F-73A08848D89D}.Debug|Any CPU.Build.0 = Debug|Any CPU
		{8256692B-3378-48FA-863F-73A08848D89D}.Debug|x64.ActiveCfg = Debug|Any CPU
		{8256692B-3378-48FA-863F-73A08848D89D}.Debug|x64.Build.0 = Debug|Any CPU
		{8256692B-3378-48FA-863F-73A08848D89D}.Release|Any CPU.ActiveCfg = Release|Any CPU
		{8256692B-3378-48FA-863F-73A08848D89D}.Release|Any CPU.Build.0 = Release|Any CPU
		{8256692B-3378-48FA-863F-73A08848D89D}.Release|x64.ActiveCfg = Release|Any CPU
		{8256692B-3378-48FA-863F-73A08848D89D}.Release|x64.Build.0 = Release|Any CPU
		{C88F1635-C5A6-4484-9CAB-F9EFC6487393}.Debug|Any CPU.ActiveCfg = Debug|Any CPU
		{C88F1635-C5A6-4484-9CAB-F9EFC6487393}.Debug|Any CPU.Build.0 = Debug|Any CPU
		{C88F1635-C5A6-4484-9CAB-F9EFC6487393}.Debug|x64.ActiveCfg = Debug|Any CPU
		{C88F1635-C5A6-4484-9CAB-F9EFC6487393}.Debug|x64.Build.0 = Debug|Any CPU
		{C88F1635-C5A6-4484-9CAB-F9EFC6487393}.Release|Any CPU.ActiveCfg = Release|Any CPU
		{C88F1635-C5A6-4484-9CAB-F9EFC6487393}.Release|Any CPU.Build.0 = Release|Any CPU
		{C88F1635-C5A6-4484-9CAB-F9EFC6487393}.Release|x64.ActiveCfg = Release|Any CPU
		{C88F1635-C5A6-4484-9CAB-F9EFC6487393}.Release|x64.Build.0 = Release|Any CPU
		{837BB325-287A-429F-8D9E-C153CED7835B}.Debug|Any CPU.ActiveCfg = Debug|Any CPU
		{837BB325-287A-429F-8D9E-C153CED7835B}.Debug|Any CPU.Build.0 = Debug|Any CPU
		{837BB325-287A-429F-8D9E-C153CED7835B}.Debug|x64.ActiveCfg = Debug|Any CPU
		{837BB325-287A-429F-8D9E-C153CED7835B}.Debug|x64.Build.0 = Debug|Any CPU
		{837BB325-287A-429F-8D9E-C153CED7835B}.Release|Any CPU.ActiveCfg = Release|Any CPU
		{837BB325-287A-429F-8D9E-C153CED7835B}.Release|Any CPU.Build.0 = Release|Any CPU
		{837BB325-287A-429F-8D9E-C153CED7835B}.Release|x64.ActiveCfg = Release|Any CPU
		{837BB325-287A-429F-8D9E-C153CED7835B}.Release|x64.Build.0 = Release|Any CPU
		{9068E589-2AD1-4084-86DC-AE3860C99869}.Debug|Any CPU.ActiveCfg = Debug|Any CPU
		{9068E589-2AD1-4084-86DC-AE3860C99869}.Debug|Any CPU.Build.0 = Debug|Any CPU
		{9068E589-2AD1-4084-86DC-AE3860C99869}.Debug|x64.ActiveCfg = Debug|Any CPU
		{9068E589-2AD1-4084-86DC-AE3860C99869}.Debug|x64.Build.0 = Debug|Any CPU
		{9068E589-2AD1-4084-86DC-AE3860C99869}.Release|Any CPU.ActiveCfg = Release|Any CPU
		{9068E589-2AD1-4084-86DC-AE3860C99869}.Release|Any CPU.Build.0 = Release|Any CPU
		{9068E589-2AD1-4084-86DC-AE3860C99869}.Release|x64.ActiveCfg = Release|Any CPU
		{9068E589-2AD1-4084-86DC-AE3860C99869}.Release|x64.Build.0 = Release|Any CPU
		{7319B96B-7FAA-4C4C-BD96-40787EF677B5}.Debug|Any CPU.ActiveCfg = Debug|Any CPU
		{7319B96B-7FAA-4C4C-BD96-40787EF677B5}.Debug|Any CPU.Build.0 = Debug|Any CPU
		{7319B96B-7FAA-4C4C-BD96-40787EF677B5}.Debug|x64.ActiveCfg = Debug|Any CPU
		{7319B96B-7FAA-4C4C-BD96-40787EF677B5}.Debug|x64.Build.0 = Debug|Any CPU
		{7319B96B-7FAA-4C4C-BD96-40787EF677B5}.Release|Any CPU.ActiveCfg = Release|Any CPU
		{7319B96B-7FAA-4C4C-BD96-40787EF677B5}.Release|Any CPU.Build.0 = Release|Any CPU
		{7319B96B-7FAA-4C4C-BD96-40787EF677B5}.Release|x64.ActiveCfg = Release|Any CPU
		{7319B96B-7FAA-4C4C-BD96-40787EF677B5}.Release|x64.Build.0 = Release|Any CPU
		{B72E030A-E89F-475A-983F-BC40932D2CDD}.Debug|Any CPU.ActiveCfg = Debug|Any CPU
		{B72E030A-E89F-475A-983F-BC40932D2CDD}.Debug|Any CPU.Build.0 = Debug|Any CPU
		{B72E030A-E89F-475A-983F-BC40932D2CDD}.Debug|x64.ActiveCfg = Debug|Any CPU
		{B72E030A-E89F-475A-983F-BC40932D2CDD}.Debug|x64.Build.0 = Debug|Any CPU
		{B72E030A-E89F-475A-983F-BC40932D2CDD}.Release|Any CPU.ActiveCfg = Release|Any CPU
		{B72E030A-E89F-475A-983F-BC40932D2CDD}.Release|Any CPU.Build.0 = Release|Any CPU
		{B72E030A-E89F-475A-983F-BC40932D2CDD}.Release|x64.ActiveCfg = Release|Any CPU
		{B72E030A-E89F-475A-983F-BC40932D2CDD}.Release|x64.Build.0 = Release|Any CPU
		{16381B2C-DD9A-41E4-8AE3-2166C78F36D4}.Debug|Any CPU.ActiveCfg = Debug|Any CPU
		{16381B2C-DD9A-41E4-8AE3-2166C78F36D4}.Debug|Any CPU.Build.0 = Debug|Any CPU
		{16381B2C-DD9A-41E4-8AE3-2166C78F36D4}.Debug|x64.ActiveCfg = Debug|Any CPU
		{16381B2C-DD9A-41E4-8AE3-2166C78F36D4}.Debug|x64.Build.0 = Debug|Any CPU
		{16381B2C-DD9A-41E4-8AE3-2166C78F36D4}.Release|Any CPU.ActiveCfg = Release|Any CPU
		{16381B2C-DD9A-41E4-8AE3-2166C78F36D4}.Release|Any CPU.Build.0 = Release|Any CPU
		{16381B2C-DD9A-41E4-8AE3-2166C78F36D4}.Release|x64.ActiveCfg = Release|Any CPU
		{16381B2C-DD9A-41E4-8AE3-2166C78F36D4}.Release|x64.Build.0 = Release|Any CPU
		{B64C0D50-28C7-4CDC-86B0-8DDB028803A0}.Debug|Any CPU.ActiveCfg = Debug|Any CPU
		{B64C0D50-28C7-4CDC-86B0-8DDB028803A0}.Debug|Any CPU.Build.0 = Debug|Any CPU
		{B64C0D50-28C7-4CDC-86B0-8DDB028803A0}.Debug|x64.ActiveCfg = Debug|Any CPU
		{B64C0D50-28C7-4CDC-86B0-8DDB028803A0}.Debug|x64.Build.0 = Debug|Any CPU
		{B64C0D50-28C7-4CDC-86B0-8DDB028803A0}.Release|Any CPU.ActiveCfg = Release|Any CPU
		{B64C0D50-28C7-4CDC-86B0-8DDB028803A0}.Release|Any CPU.Build.0 = Release|Any CPU
		{B64C0D50-28C7-4CDC-86B0-8DDB028803A0}.Release|x64.ActiveCfg = Release|Any CPU
		{B64C0D50-28C7-4CDC-86B0-8DDB028803A0}.Release|x64.Build.0 = Release|Any CPU
		{7CD36145-1696-45F4-9333-6708984FFF00}.Debug|Any CPU.ActiveCfg = Debug|Any CPU
		{7CD36145-1696-45F4-9333-6708984FFF00}.Debug|Any CPU.Build.0 = Debug|Any CPU
		{7CD36145-1696-45F4-9333-6708984FFF00}.Debug|x64.ActiveCfg = Debug|Any CPU
		{7CD36145-1696-45F4-9333-6708984FFF00}.Debug|x64.Build.0 = Debug|Any CPU
		{7CD36145-1696-45F4-9333-6708984FFF00}.Release|Any CPU.ActiveCfg = Release|Any CPU
		{7CD36145-1696-45F4-9333-6708984FFF00}.Release|Any CPU.Build.0 = Release|Any CPU
		{7CD36145-1696-45F4-9333-6708984FFF00}.Release|x64.ActiveCfg = Release|Any CPU
		{7CD36145-1696-45F4-9333-6708984FFF00}.Release|x64.Build.0 = Release|Any CPU
		{277A12D6-A713-4238-9347-A1C183305BC8}.Debug|Any CPU.ActiveCfg = Debug|Any CPU
		{277A12D6-A713-4238-9347-A1C183305BC8}.Debug|Any CPU.Build.0 = Debug|Any CPU
		{277A12D6-A713-4238-9347-A1C183305BC8}.Debug|x64.ActiveCfg = Debug|Any CPU
		{277A12D6-A713-4238-9347-A1C183305BC8}.Debug|x64.Build.0 = Debug|Any CPU
		{277A12D6-A713-4238-9347-A1C183305BC8}.Release|Any CPU.ActiveCfg = Release|Any CPU
		{277A12D6-A713-4238-9347-A1C183305BC8}.Release|Any CPU.Build.0 = Release|Any CPU
		{277A12D6-A713-4238-9347-A1C183305BC8}.Release|x64.ActiveCfg = Release|Any CPU
		{277A12D6-A713-4238-9347-A1C183305BC8}.Release|x64.Build.0 = Release|Any CPU
		{CFDB4F99-16FF-4632-A537-DEB4DFEA6B98}.Debug|Any CPU.ActiveCfg = Debug|Any CPU
		{CFDB4F99-16FF-4632-A537-DEB4DFEA6B98}.Debug|Any CPU.Build.0 = Debug|Any CPU
		{CFDB4F99-16FF-4632-A537-DEB4DFEA6B98}.Debug|x64.ActiveCfg = Debug|Any CPU
		{CFDB4F99-16FF-4632-A537-DEB4DFEA6B98}.Debug|x64.Build.0 = Debug|Any CPU
		{CFDB4F99-16FF-4632-A537-DEB4DFEA6B98}.Release|Any CPU.ActiveCfg = Release|Any CPU
		{CFDB4F99-16FF-4632-A537-DEB4DFEA6B98}.Release|Any CPU.Build.0 = Release|Any CPU
		{CFDB4F99-16FF-4632-A537-DEB4DFEA6B98}.Release|x64.ActiveCfg = Release|Any CPU
		{CFDB4F99-16FF-4632-A537-DEB4DFEA6B98}.Release|x64.Build.0 = Release|Any CPU
		{DE90DB71-362A-4113-B39C-E73F9A25BD9D}.Debug|Any CPU.ActiveCfg = Debug|Any CPU
		{DE90DB71-362A-4113-B39C-E73F9A25BD9D}.Debug|Any CPU.Build.0 = Debug|Any CPU
		{DE90DB71-362A-4113-B39C-E73F9A25BD9D}.Debug|x64.ActiveCfg = Debug|Any CPU
		{DE90DB71-362A-4113-B39C-E73F9A25BD9D}.Debug|x64.Build.0 = Debug|Any CPU
		{DE90DB71-362A-4113-B39C-E73F9A25BD9D}.Release|Any CPU.ActiveCfg = Release|Any CPU
		{DE90DB71-362A-4113-B39C-E73F9A25BD9D}.Release|Any CPU.Build.0 = Release|Any CPU
		{DE90DB71-362A-4113-B39C-E73F9A25BD9D}.Release|x64.ActiveCfg = Release|Any CPU
		{DE90DB71-362A-4113-B39C-E73F9A25BD9D}.Release|x64.Build.0 = Release|Any CPU
		{3EA76506-F4B1-48E4-9D03-DB9340796330}.Debug|Any CPU.ActiveCfg = Debug|Any CPU
		{3EA76506-F4B1-48E4-9D03-DB9340796330}.Debug|Any CPU.Build.0 = Debug|Any CPU
		{3EA76506-F4B1-48E4-9D03-DB9340796330}.Debug|x64.ActiveCfg = Debug|Any CPU
		{3EA76506-F4B1-48E4-9D03-DB9340796330}.Debug|x64.Build.0 = Debug|Any CPU
		{3EA76506-F4B1-48E4-9D03-DB9340796330}.Release|Any CPU.ActiveCfg = Release|Any CPU
		{3EA76506-F4B1-48E4-9D03-DB9340796330}.Release|Any CPU.Build.0 = Release|Any CPU
		{3EA76506-F4B1-48E4-9D03-DB9340796330}.Release|x64.ActiveCfg = Release|Any CPU
		{3EA76506-F4B1-48E4-9D03-DB9340796330}.Release|x64.Build.0 = Release|Any CPU
		{4EC22CA0-B670-4EAE-B4C2-8A571E1BAD33}.Debug|Any CPU.ActiveCfg = Debug|Any CPU
		{4EC22CA0-B670-4EAE-B4C2-8A571E1BAD33}.Debug|Any CPU.Build.0 = Debug|Any CPU
		{4EC22CA0-B670-4EAE-B4C2-8A571E1BAD33}.Debug|x64.ActiveCfg = Debug|Any CPU
		{4EC22CA0-B670-4EAE-B4C2-8A571E1BAD33}.Debug|x64.Build.0 = Debug|Any CPU
		{4EC22CA0-B670-4EAE-B4C2-8A571E1BAD33}.Release|Any CPU.ActiveCfg = Release|Any CPU
		{4EC22CA0-B670-4EAE-B4C2-8A571E1BAD33}.Release|Any CPU.Build.0 = Release|Any CPU
		{4EC22CA0-B670-4EAE-B4C2-8A571E1BAD33}.Release|x64.ActiveCfg = Release|Any CPU
		{4EC22CA0-B670-4EAE-B4C2-8A571E1BAD33}.Release|x64.Build.0 = Release|Any CPU
		{5EFB1B43-7FD8-40CF-804F-3EEF114D8FC4}.Debug|Any CPU.ActiveCfg = Debug|Any CPU
		{5EFB1B43-7FD8-40CF-804F-3EEF114D8FC4}.Debug|Any CPU.Build.0 = Debug|Any CPU
		{5EFB1B43-7FD8-40CF-804F-3EEF114D8FC4}.Debug|x64.ActiveCfg = Debug|Any CPU
		{5EFB1B43-7FD8-40CF-804F-3EEF114D8FC4}.Debug|x64.Build.0 = Debug|Any CPU
		{5EFB1B43-7FD8-40CF-804F-3EEF114D8FC4}.Release|Any CPU.ActiveCfg = Release|Any CPU
		{5EFB1B43-7FD8-40CF-804F-3EEF114D8FC4}.Release|Any CPU.Build.0 = Release|Any CPU
		{5EFB1B43-7FD8-40CF-804F-3EEF114D8FC4}.Release|x64.ActiveCfg = Release|Any CPU
		{5EFB1B43-7FD8-40CF-804F-3EEF114D8FC4}.Release|x64.Build.0 = Release|Any CPU
		{092F8DD1-9E55-431D-807E-033ADE3483AF}.Debug|Any CPU.ActiveCfg = Debug|Any CPU
		{092F8DD1-9E55-431D-807E-033ADE3483AF}.Debug|Any CPU.Build.0 = Debug|Any CPU
		{092F8DD1-9E55-431D-807E-033ADE3483AF}.Debug|x64.ActiveCfg = Debug|Any CPU
		{092F8DD1-9E55-431D-807E-033ADE3483AF}.Debug|x64.Build.0 = Debug|Any CPU
		{092F8DD1-9E55-431D-807E-033ADE3483AF}.Release|Any CPU.ActiveCfg = Release|Any CPU
		{092F8DD1-9E55-431D-807E-033ADE3483AF}.Release|Any CPU.Build.0 = Release|Any CPU
		{092F8DD1-9E55-431D-807E-033ADE3483AF}.Release|x64.ActiveCfg = Release|Any CPU
		{092F8DD1-9E55-431D-807E-033ADE3483AF}.Release|x64.Build.0 = Release|Any CPU
		{7CF53C59-1602-4F81-B671-31D6096AA089}.Debug|Any CPU.ActiveCfg = Debug|Any CPU
		{7CF53C59-1602-4F81-B671-31D6096AA089}.Debug|Any CPU.Build.0 = Debug|Any CPU
		{7CF53C59-1602-4F81-B671-31D6096AA089}.Debug|x64.ActiveCfg = Debug|Any CPU
		{7CF53C59-1602-4F81-B671-31D6096AA089}.Debug|x64.Build.0 = Debug|Any CPU
		{7CF53C59-1602-4F81-B671-31D6096AA089}.Release|Any CPU.ActiveCfg = Release|Any CPU
		{7CF53C59-1602-4F81-B671-31D6096AA089}.Release|Any CPU.Build.0 = Release|Any CPU
		{7CF53C59-1602-4F81-B671-31D6096AA089}.Release|x64.ActiveCfg = Release|Any CPU
		{7CF53C59-1602-4F81-B671-31D6096AA089}.Release|x64.Build.0 = Release|Any CPU
		{3FFE902E-4298-4C12-B4A7-165442DED568}.Debug|Any CPU.ActiveCfg = Debug|Any CPU
		{3FFE902E-4298-4C12-B4A7-165442DED568}.Debug|Any CPU.Build.0 = Debug|Any CPU
		{3FFE902E-4298-4C12-B4A7-165442DED568}.Debug|x64.ActiveCfg = Debug|Any CPU
		{3FFE902E-4298-4C12-B4A7-165442DED568}.Debug|x64.Build.0 = Debug|Any CPU
		{3FFE902E-4298-4C12-B4A7-165442DED568}.Release|Any CPU.ActiveCfg = Release|Any CPU
		{3FFE902E-4298-4C12-B4A7-165442DED568}.Release|Any CPU.Build.0 = Release|Any CPU
		{3FFE902E-4298-4C12-B4A7-165442DED568}.Release|x64.ActiveCfg = Release|Any CPU
		{3FFE902E-4298-4C12-B4A7-165442DED568}.Release|x64.Build.0 = Release|Any CPU
		{9C318941-61AE-433D-88E8-244B0A8E7491}.Debug|Any CPU.ActiveCfg = Debug|Any CPU
		{9C318941-61AE-433D-88E8-244B0A8E7491}.Debug|Any CPU.Build.0 = Debug|Any CPU
		{9C318941-61AE-433D-88E8-244B0A8E7491}.Debug|x64.ActiveCfg = Debug|Any CPU
		{9C318941-61AE-433D-88E8-244B0A8E7491}.Debug|x64.Build.0 = Debug|Any CPU
		{9C318941-61AE-433D-88E8-244B0A8E7491}.Release|Any CPU.ActiveCfg = Release|Any CPU
		{9C318941-61AE-433D-88E8-244B0A8E7491}.Release|Any CPU.Build.0 = Release|Any CPU
		{9C318941-61AE-433D-88E8-244B0A8E7491}.Release|x64.ActiveCfg = Release|Any CPU
		{9C318941-61AE-433D-88E8-244B0A8E7491}.Release|x64.Build.0 = Release|Any CPU
		{D4B5070E-1EE1-4FAA-8C93-1795E73358BB}.Debug|Any CPU.ActiveCfg = Debug|Any CPU
		{D4B5070E-1EE1-4FAA-8C93-1795E73358BB}.Debug|Any CPU.Build.0 = Debug|Any CPU
		{D4B5070E-1EE1-4FAA-8C93-1795E73358BB}.Debug|x64.ActiveCfg = Debug|Any CPU
		{D4B5070E-1EE1-4FAA-8C93-1795E73358BB}.Debug|x64.Build.0 = Debug|Any CPU
		{D4B5070E-1EE1-4FAA-8C93-1795E73358BB}.Release|Any CPU.ActiveCfg = Release|Any CPU
		{D4B5070E-1EE1-4FAA-8C93-1795E73358BB}.Release|Any CPU.Build.0 = Release|Any CPU
		{D4B5070E-1EE1-4FAA-8C93-1795E73358BB}.Release|x64.ActiveCfg = Release|Any CPU
		{D4B5070E-1EE1-4FAA-8C93-1795E73358BB}.Release|x64.Build.0 = Release|Any CPU
		{8F2036F4-B84A-4AE6-882B-C6717F845B5E}.Debug|Any CPU.ActiveCfg = Debug|Any CPU
		{8F2036F4-B84A-4AE6-882B-C6717F845B5E}.Debug|Any CPU.Build.0 = Debug|Any CPU
		{8F2036F4-B84A-4AE6-882B-C6717F845B5E}.Debug|x64.ActiveCfg = Debug|Any CPU
		{8F2036F4-B84A-4AE6-882B-C6717F845B5E}.Debug|x64.Build.0 = Debug|Any CPU
		{8F2036F4-B84A-4AE6-882B-C6717F845B5E}.Release|Any CPU.ActiveCfg = Release|Any CPU
		{8F2036F4-B84A-4AE6-882B-C6717F845B5E}.Release|Any CPU.Build.0 = Release|Any CPU
		{8F2036F4-B84A-4AE6-882B-C6717F845B5E}.Release|x64.ActiveCfg = Release|Any CPU
		{8F2036F4-B84A-4AE6-882B-C6717F845B5E}.Release|x64.Build.0 = Release|Any CPU
		{5DF8831C-3733-4F70-9855-9276164407FD}.Debug|Any CPU.ActiveCfg = Debug|Any CPU
		{5DF8831C-3733-4F70-9855-9276164407FD}.Debug|Any CPU.Build.0 = Debug|Any CPU
		{5DF8831C-3733-4F70-9855-9276164407FD}.Debug|x64.ActiveCfg = Debug|Any CPU
		{5DF8831C-3733-4F70-9855-9276164407FD}.Debug|x64.Build.0 = Debug|Any CPU
		{5DF8831C-3733-4F70-9855-9276164407FD}.Release|Any CPU.ActiveCfg = Release|Any CPU
		{5DF8831C-3733-4F70-9855-9276164407FD}.Release|Any CPU.Build.0 = Release|Any CPU
		{5DF8831C-3733-4F70-9855-9276164407FD}.Release|x64.ActiveCfg = Release|Any CPU
		{5DF8831C-3733-4F70-9855-9276164407FD}.Release|x64.Build.0 = Release|Any CPU
		{2AEF6DB1-FDC0-44B3-A85C-5EC068CF7162}.Debug|Any CPU.ActiveCfg = Debug|Any CPU
		{2AEF6DB1-FDC0-44B3-A85C-5EC068CF7162}.Debug|Any CPU.Build.0 = Debug|Any CPU
		{2AEF6DB1-FDC0-44B3-A85C-5EC068CF7162}.Debug|x64.ActiveCfg = Debug|Any CPU
		{2AEF6DB1-FDC0-44B3-A85C-5EC068CF7162}.Debug|x64.Build.0 = Debug|Any CPU
		{2AEF6DB1-FDC0-44B3-A85C-5EC068CF7162}.Release|Any CPU.ActiveCfg = Release|Any CPU
		{2AEF6DB1-FDC0-44B3-A85C-5EC068CF7162}.Release|Any CPU.Build.0 = Release|Any CPU
		{2AEF6DB1-FDC0-44B3-A85C-5EC068CF7162}.Release|x64.ActiveCfg = Release|Any CPU
		{2AEF6DB1-FDC0-44B3-A85C-5EC068CF7162}.Release|x64.Build.0 = Release|Any CPU
		{25C1A6AB-E455-4B23-BC6D-D9600593F0B3}.Debug|Any CPU.ActiveCfg = Debug|Any CPU
		{25C1A6AB-E455-4B23-BC6D-D9600593F0B3}.Debug|Any CPU.Build.0 = Debug|Any CPU
		{25C1A6AB-E455-4B23-BC6D-D9600593F0B3}.Debug|x64.ActiveCfg = Debug|Any CPU
		{25C1A6AB-E455-4B23-BC6D-D9600593F0B3}.Debug|x64.Build.0 = Debug|Any CPU
		{25C1A6AB-E455-4B23-BC6D-D9600593F0B3}.Release|Any CPU.ActiveCfg = Release|Any CPU
		{25C1A6AB-E455-4B23-BC6D-D9600593F0B3}.Release|Any CPU.Build.0 = Release|Any CPU
		{25C1A6AB-E455-4B23-BC6D-D9600593F0B3}.Release|x64.ActiveCfg = Release|Any CPU
		{25C1A6AB-E455-4B23-BC6D-D9600593F0B3}.Release|x64.Build.0 = Release|Any CPU
		{9647A5EA-2408-427B-8CCA-5B534DD00900}.Debug|Any CPU.ActiveCfg = Debug|Any CPU
		{9647A5EA-2408-427B-8CCA-5B534DD00900}.Debug|Any CPU.Build.0 = Debug|Any CPU
		{9647A5EA-2408-427B-8CCA-5B534DD00900}.Debug|x64.ActiveCfg = Debug|Any CPU
		{9647A5EA-2408-427B-8CCA-5B534DD00900}.Debug|x64.Build.0 = Debug|Any CPU
		{9647A5EA-2408-427B-8CCA-5B534DD00900}.Release|Any CPU.ActiveCfg = Release|Any CPU
		{9647A5EA-2408-427B-8CCA-5B534DD00900}.Release|Any CPU.Build.0 = Release|Any CPU
		{9647A5EA-2408-427B-8CCA-5B534DD00900}.Release|x64.ActiveCfg = Release|Any CPU
		{9647A5EA-2408-427B-8CCA-5B534DD00900}.Release|x64.Build.0 = Release|Any CPU
		{E280D2DF-24AD-456E-8433-E46EA2597DB3}.Debug|Any CPU.ActiveCfg = Debug|Any CPU
		{E280D2DF-24AD-456E-8433-E46EA2597DB3}.Debug|Any CPU.Build.0 = Debug|Any CPU
		{E280D2DF-24AD-456E-8433-E46EA2597DB3}.Debug|x64.ActiveCfg = Debug|Any CPU
		{E280D2DF-24AD-456E-8433-E46EA2597DB3}.Debug|x64.Build.0 = Debug|Any CPU
		{E280D2DF-24AD-456E-8433-E46EA2597DB3}.Release|Any CPU.ActiveCfg = Release|Any CPU
		{E280D2DF-24AD-456E-8433-E46EA2597DB3}.Release|Any CPU.Build.0 = Release|Any CPU
		{E280D2DF-24AD-456E-8433-E46EA2597DB3}.Release|x64.ActiveCfg = Release|Any CPU
		{E280D2DF-24AD-456E-8433-E46EA2597DB3}.Release|x64.Build.0 = Release|Any CPU
		{5D5076F7-6957-4658-AD80-85A7AF91F12E}.Debug|Any CPU.ActiveCfg = Debug|Any CPU
		{5D5076F7-6957-4658-AD80-85A7AF91F12E}.Debug|Any CPU.Build.0 = Debug|Any CPU
		{5D5076F7-6957-4658-AD80-85A7AF91F12E}.Debug|x64.ActiveCfg = Debug|Any CPU
		{5D5076F7-6957-4658-AD80-85A7AF91F12E}.Debug|x64.Build.0 = Debug|Any CPU
		{5D5076F7-6957-4658-AD80-85A7AF91F12E}.Release|Any CPU.ActiveCfg = Release|Any CPU
		{5D5076F7-6957-4658-AD80-85A7AF91F12E}.Release|Any CPU.Build.0 = Release|Any CPU
		{5D5076F7-6957-4658-AD80-85A7AF91F12E}.Release|x64.ActiveCfg = Release|Any CPU
		{5D5076F7-6957-4658-AD80-85A7AF91F12E}.Release|x64.Build.0 = Release|Any CPU
		{40508FE8-554D-4564-BD05-2D2EC3750AB3}.Debug|Any CPU.ActiveCfg = Debug|Any CPU
		{40508FE8-554D-4564-BD05-2D2EC3750AB3}.Debug|Any CPU.Build.0 = Debug|Any CPU
		{40508FE8-554D-4564-BD05-2D2EC3750AB3}.Debug|x64.ActiveCfg = Debug|Any CPU
		{40508FE8-554D-4564-BD05-2D2EC3750AB3}.Debug|x64.Build.0 = Debug|Any CPU
		{40508FE8-554D-4564-BD05-2D2EC3750AB3}.Release|Any CPU.ActiveCfg = Release|Any CPU
		{40508FE8-554D-4564-BD05-2D2EC3750AB3}.Release|Any CPU.Build.0 = Release|Any CPU
		{40508FE8-554D-4564-BD05-2D2EC3750AB3}.Release|x64.ActiveCfg = Release|Any CPU
		{40508FE8-554D-4564-BD05-2D2EC3750AB3}.Release|x64.Build.0 = Release|Any CPU
		{C7B3E42B-46C2-4107-9C33-F66CE4B7032A}.Debug|Any CPU.ActiveCfg = Debug|Any CPU
		{C7B3E42B-46C2-4107-9C33-F66CE4B7032A}.Debug|Any CPU.Build.0 = Debug|Any CPU
		{C7B3E42B-46C2-4107-9C33-F66CE4B7032A}.Debug|x64.ActiveCfg = Debug|Any CPU
		{C7B3E42B-46C2-4107-9C33-F66CE4B7032A}.Debug|x64.Build.0 = Debug|Any CPU
		{C7B3E42B-46C2-4107-9C33-F66CE4B7032A}.Release|Any CPU.ActiveCfg = Release|Any CPU
		{C7B3E42B-46C2-4107-9C33-F66CE4B7032A}.Release|Any CPU.Build.0 = Release|Any CPU
		{C7B3E42B-46C2-4107-9C33-F66CE4B7032A}.Release|x64.ActiveCfg = Release|Any CPU
		{C7B3E42B-46C2-4107-9C33-F66CE4B7032A}.Release|x64.Build.0 = Release|Any CPU
		{F9A5EDCC-5150-46E2-BD46-514A10636BF8}.Debug|Any CPU.ActiveCfg = Debug|Any CPU
		{F9A5EDCC-5150-46E2-BD46-514A10636BF8}.Debug|Any CPU.Build.0 = Debug|Any CPU
		{F9A5EDCC-5150-46E2-BD46-514A10636BF8}.Debug|x64.ActiveCfg = Debug|Any CPU
		{F9A5EDCC-5150-46E2-BD46-514A10636BF8}.Debug|x64.Build.0 = Debug|Any CPU
		{F9A5EDCC-5150-46E2-BD46-514A10636BF8}.Release|Any CPU.ActiveCfg = Release|Any CPU
		{F9A5EDCC-5150-46E2-BD46-514A10636BF8}.Release|Any CPU.Build.0 = Release|Any CPU
		{F9A5EDCC-5150-46E2-BD46-514A10636BF8}.Release|x64.ActiveCfg = Release|Any CPU
		{F9A5EDCC-5150-46E2-BD46-514A10636BF8}.Release|x64.Build.0 = Release|Any CPU
		{EC7A5CF1-25A0-49F8-A201-6814AF39FDF5}.Debug|Any CPU.ActiveCfg = Debug|Any CPU
		{EC7A5CF1-25A0-49F8-A201-6814AF39FDF5}.Debug|Any CPU.Build.0 = Debug|Any CPU
		{EC7A5CF1-25A0-49F8-A201-6814AF39FDF5}.Debug|x64.ActiveCfg = Debug|Any CPU
		{EC7A5CF1-25A0-49F8-A201-6814AF39FDF5}.Debug|x64.Build.0 = Debug|Any CPU
		{EC7A5CF1-25A0-49F8-A201-6814AF39FDF5}.Release|Any CPU.ActiveCfg = Release|Any CPU
		{EC7A5CF1-25A0-49F8-A201-6814AF39FDF5}.Release|Any CPU.Build.0 = Release|Any CPU
		{EC7A5CF1-25A0-49F8-A201-6814AF39FDF5}.Release|x64.ActiveCfg = Release|Any CPU
		{EC7A5CF1-25A0-49F8-A201-6814AF39FDF5}.Release|x64.Build.0 = Release|Any CPU
	EndGlobalSection
	GlobalSection(SolutionProperties) = preSolution
		HideSolutionNode = FALSE
	EndGlobalSection
	GlobalSection(NestedProjects) = preSolution
		{EDC05AA9-D60D-42E5-B708-BFF33002A01E} = {467F0972-9A24-4C5E-A702-E93D3A3406A9}
		{FD384274-652D-4ED0-BB85-B86B5F2F6D6E} = {467F0972-9A24-4C5E-A702-E93D3A3406A9}
		{1572D4BA-B59C-4157-9194-716CEE3A1A31} = {EDC05AA9-D60D-42E5-B708-BFF33002A01E}
		{480E11B0-7141-4AAF-881B-1A88CEB8579E} = {FD384274-652D-4ED0-BB85-B86B5F2F6D6E}
		{92B0B4A3-396C-4ED0-92B6-9274D6AA1956} = {480E11B0-7141-4AAF-881B-1A88CEB8579E}
		{7D5E9ED1-66CF-4899-8F69-C1FBF4A20693} = {480E11B0-7141-4AAF-881B-1A88CEB8579E}
		{E5FDFE3F-042D-49C8-85CA-AAC871E9FD49} = {480E11B0-7141-4AAF-881B-1A88CEB8579E}
		{8174E58A-3442-4963-BA66-EEBA62428CF0} = {480E11B0-7141-4AAF-881B-1A88CEB8579E}
		{1791821B-8743-4D84-81FF-BF6DBF21CB07} = {467F0972-9A24-4C5E-A702-E93D3A3406A9}
		{9C30A699-723A-4C70-96BD-919FC4D32D4D} = {1791821B-8743-4D84-81FF-BF6DBF21CB07}
		{706D4490-BAF2-473F-8074-00BF2166BB79} = {1791821B-8743-4D84-81FF-BF6DBF21CB07}
		{A3661117-96EC-4D61-B60B-B93472FF2777} = {1791821B-8743-4D84-81FF-BF6DBF21CB07}
		{8276206B-D1F2-4CDB-A81D-4A1FAADD780C} = {1791821B-8743-4D84-81FF-BF6DBF21CB07}
		{BAD4D1FC-D63D-48B4-A4AC-9D553E25EFE8} = {FD384274-652D-4ED0-BB85-B86B5F2F6D6E}
		{4C8F5DAB-8BF3-4E74-A25D-BB98721964E0} = {BAD4D1FC-D63D-48B4-A4AC-9D553E25EFE8}
		{8256692B-3378-48FA-863F-73A08848D89D} = {BAD4D1FC-D63D-48B4-A4AC-9D553E25EFE8}
		{C88F1635-C5A6-4484-9CAB-F9EFC6487393} = {BAD4D1FC-D63D-48B4-A4AC-9D553E25EFE8}
		{837BB325-287A-429F-8D9E-C153CED7835B} = {BAD4D1FC-D63D-48B4-A4AC-9D553E25EFE8}
		{9068E589-2AD1-4084-86DC-AE3860C99869} = {65B7D771-F26B-4912-81A2-78ADA486EB24}
		{65B7D771-F26B-4912-81A2-78ADA486EB24} = {FD384274-652D-4ED0-BB85-B86B5F2F6D6E}
		{7319B96B-7FAA-4C4C-BD96-40787EF677B5} = {65B7D771-F26B-4912-81A2-78ADA486EB24}
		{B72E030A-E89F-475A-983F-BC40932D2CDD} = {65B7D771-F26B-4912-81A2-78ADA486EB24}
		{16381B2C-DD9A-41E4-8AE3-2166C78F36D4} = {65B7D771-F26B-4912-81A2-78ADA486EB24}
		{B64C0D50-28C7-4CDC-86B0-8DDB028803A0} = {65B7D771-F26B-4912-81A2-78ADA486EB24}
		{7CD36145-1696-45F4-9333-6708984FFF00} = {BAD4D1FC-D63D-48B4-A4AC-9D553E25EFE8}
		{277A12D6-A713-4238-9347-A1C183305BC8} = {0E8B2B84-F187-4DA0-80CC-D20E43DFA6B6}
		{735FCCD0-9AF6-45BC-8DA5-CF2333793905} = {FD384274-652D-4ED0-BB85-B86B5F2F6D6E}
		{CFDB4F99-16FF-4632-A537-DEB4DFEA6B98} = {735FCCD0-9AF6-45BC-8DA5-CF2333793905}
		{DE90DB71-362A-4113-B39C-E73F9A25BD9D} = {735FCCD0-9AF6-45BC-8DA5-CF2333793905}
		{3EA76506-F4B1-48E4-9D03-DB9340796330} = {735FCCD0-9AF6-45BC-8DA5-CF2333793905}
		{4EC22CA0-B670-4EAE-B4C2-8A571E1BAD33} = {735FCCD0-9AF6-45BC-8DA5-CF2333793905}
		{5EFB1B43-7FD8-40CF-804F-3EEF114D8FC4} = {735FCCD0-9AF6-45BC-8DA5-CF2333793905}
		{092F8DD1-9E55-431D-807E-033ADE3483AF} = {480E11B0-7141-4AAF-881B-1A88CEB8579E}
		{7CF53C59-1602-4F81-B671-31D6096AA089} = {65B7D771-F26B-4912-81A2-78ADA486EB24}
		{35CAC07C-ACFF-47DE-8DF0-2131C147F6CC} = {BAD4D1FC-D63D-48B4-A4AC-9D553E25EFE8}
		{3FFE902E-4298-4C12-B4A7-165442DED568} = {35CAC07C-ACFF-47DE-8DF0-2131C147F6CC}
		{9C318941-61AE-433D-88E8-244B0A8E7491} = {8DDCAD99-40A8-4BB7-B7B0-B15209333909}
		{8DDCAD99-40A8-4BB7-B7B0-B15209333909} = {735FCCD0-9AF6-45BC-8DA5-CF2333793905}
		{05C207F0-8FCA-4357-BA2A-5A6B33F6540A} = {480E11B0-7141-4AAF-881B-1A88CEB8579E}
		{D4B5070E-1EE1-4FAA-8C93-1795E73358BB} = {05C207F0-8FCA-4357-BA2A-5A6B33F6540A}
		{C7B91D49-90F4-45A6-B147-32890ED46C27} = {65B7D771-F26B-4912-81A2-78ADA486EB24}
		{8F2036F4-B84A-4AE6-882B-C6717F845B5E} = {C7B91D49-90F4-45A6-B147-32890ED46C27}
		{5DF8831C-3733-4F70-9855-9276164407FD} = {05C207F0-8FCA-4357-BA2A-5A6B33F6540A}
		{2AEF6DB1-FDC0-44B3-A85C-5EC068CF7162} = {35CAC07C-ACFF-47DE-8DF0-2131C147F6CC}
		{25C1A6AB-E455-4B23-BC6D-D9600593F0B3} = {0E8B2B84-F187-4DA0-80CC-D20E43DFA6B6}
		{9647A5EA-2408-427B-8CCA-5B534DD00900} = {8DDCAD99-40A8-4BB7-B7B0-B15209333909}
		{E280D2DF-24AD-456E-8433-E46EA2597DB3} = {C7B91D49-90F4-45A6-B147-32890ED46C27}
		{5D5076F7-6957-4658-AD80-85A7AF91F12E} = {35CAC07C-ACFF-47DE-8DF0-2131C147F6CC}
		{40508FE8-554D-4564-BD05-2D2EC3750AB3} = {8DDCAD99-40A8-4BB7-B7B0-B15209333909}
		{C7B3E42B-46C2-4107-9C33-F66CE4B7032A} = {05C207F0-8FCA-4357-BA2A-5A6B33F6540A}
		{F9A5EDCC-5150-46E2-BD46-514A10636BF8} = {C7B91D49-90F4-45A6-B147-32890ED46C27}
		{EC7A5CF1-25A0-49F8-A201-6814AF39FDF5} = {EDC05AA9-D60D-42E5-B708-BFF33002A01E}
	EndGlobalSection
	GlobalSection(ExtensibilityGlobals) = postSolution
		SolutionGuid = {033740DE-F5F9-4FAF-8374-A605D15EE639}
	EndGlobalSection
EndGlobal
